
Microsoft Visual Studio Solution File, Format Version 12.00
# Visual Studio 15
VisualStudioVersion = 15.0.26730.16
MinimumVisualStudioVersion = 10.0.40219.1
Project("{FAE04EC0-301F-11D3-BF4B-00C04F79EFBC}") = "MiniPlayer", "MiniPlayer.csproj", "{C0D81BF7-303D-46C8-A04A-466AD636C37A}"
EndProject
Global
	GlobalSection(SolutionConfigurationPlatforms) = preSolution
		Debug|Any CPU = Debug|Any CPU
		Release|Any CPU = Release|Any CPU
	EndGlobalSection
	GlobalSection(ProjectConfigurationPlatforms) = postSolution
		{C0D81BF7-303D-46C8-A04A-466AD636C37A}.Debug|Any CPU.ActiveCfg = Debug|Any CPU
		{C0D81BF7-303D-46C8-A04A-466AD636C37A}.Debug|Any CPU.Build.0 = Debug|Any CPU
		{C0D81BF7-303D-46C8-A04A-466AD636C37A}.Release|Any CPU.ActiveCfg = Release|Any CPU
		{C0D81BF7-303D-46C8-A04A-466AD636C37A}.Release|Any CPU.Build.0 = Release|Any CPU
	EndGlobalSection
	GlobalSection(SolutionProperties) = preSolution
		HideSolutionNode = FALSE
	EndGlobalSection
	GlobalSection(ExtensibilityGlobals) = postSolution
		SolutionGuid = {22AB377A-C501-48E7-8496-BF3A1980E36A}
	EndGlobalSection
EndGlobal
